
Microsoft Visual Studio Solution File, Format Version 12.00
# Visual Studio 15
VisualStudioVersion = 15.0.28307.572
MinimumVisualStudioVersion = 10.0.40219.1
Project("{FAE04EC0-301F-11D3-BF4B-00C04F79EFBC}") = "AspMvcTemplates", "AspMvcTemplates\AspMvcTemplates.csproj", "{92FC9B32-B495-4EF5-B991-A3F5CF8AC805}"
EndProject
Project("{FAE04EC0-301F-11D3-BF4B-00C04F79EFBC}") = "AspMvcTemplates.Tests", "AspMvcTemplates.Tests\AspMvcTemplates.Tests.csproj", "{A98E530F-36FF-4807-BDA1-711512E1B2BE}"
EndProject
Global
	GlobalSection(SolutionConfigurationPlatforms) = preSolution
		Debug|Any CPU = Debug|Any CPU
		Release|Any CPU = Release|Any CPU
	EndGlobalSection
	GlobalSection(ProjectConfigurationPlatforms) = postSolution
		{92FC9B32-B495-4EF5-B991-A3F5CF8AC805}.Debug|Any CPU.ActiveCfg = Debug|Any CPU
		{92FC9B32-B495-4EF5-B991-A3F5CF8AC805}.Debug|Any CPU.Build.0 = Debug|Any CPU
		{92FC9B32-B495-4EF5-B991-A3F5CF8AC805}.Release|Any CPU.ActiveCfg = Release|Any CPU
		{92FC9B32-B495-4EF5-B991-A3F5CF8AC805}.Release|Any CPU.Build.0 = Release|Any CPU
		{A98E530F-36FF-4807-BDA1-711512E1B2BE}.Debug|Any CPU.ActiveCfg = Debug|Any CPU
		{A98E530F-36FF-4807-BDA1-711512E1B2BE}.Debug|Any CPU.Build.0 = Debug|Any CPU
		{A98E530F-36FF-4807-BDA1-711512E1B2BE}.Release|Any CPU.ActiveCfg = Release|Any CPU
		{A98E530F-36FF-4807-BDA1-711512E1B2BE}.Release|Any CPU.Build.0 = Release|Any CPU
	EndGlobalSection
	GlobalSection(SolutionProperties) = preSolution
		HideSolutionNode = FALSE
	EndGlobalSection
	GlobalSection(ExtensibilityGlobals) = postSolution
		SolutionGuid = {89702EBA-0125-411A-BFB8-BD25EF66440F}
	EndGlobalSection
EndGlobal
